
Microsoft Visual Studio Solution File, Format Version 12.00
# Visual Studio Version 17
VisualStudioVersion = 17.1.32421.90
MinimumVisualStudioVersion = 10.0.40219.1
Project("{8BC9CEB8-8B4A-11D0-8D11-00A0C91BC942}") = "GameEngineBase", "GameEngineBase\GameEngineBase.vcxproj", "{F095CAC6-093B-448D-BB52-96642EF30AA6}"
EndProject
Project("{2150E333-8FDC-42A3-9474-1A3956D46DE8}") = "Level0", "Level0", "{2556408D-EBCC-40A6-8D42-716BA490C24C}"
EndProject
Project("{2150E333-8FDC-42A3-9474-1A3956D46DE8}") = "Level5", "Level5", "{824EAAFD-AA16-426C-BDBD-97C6B1E1C1D4}"
EndProject
Project("{8BC9CEB8-8B4A-11D0-8D11-00A0C91BC942}") = "TestApp", "TestApp\TestApp.vcxproj", "{72D69A0F-B4AB-424F-92FB-0A4E3AFD5B7C}"
	ProjectSection(ProjectDependencies) = postProject
		{0C116627-359C-47FD-8D38-F8A842E8800D} = {0C116627-359C-47FD-8D38-F8A842E8800D}
		{F095CAC6-093B-448D-BB52-96642EF30AA6} = {F095CAC6-093B-448D-BB52-96642EF30AA6}
		{7EF2B2DF-A18B-41D2-BA6E-3C50D5257505} = {7EF2B2DF-A18B-41D2-BA6E-3C50D5257505}
	EndProjectSection
EndProject
Project("{2150E333-8FDC-42A3-9474-1A3956D46DE8}") = "Level1", "Level1", "{2249E571-21F4-4AB4-810E-C51F9E9AD6B0}"
EndProject
Project("{2150E333-8FDC-42A3-9474-1A3956D46DE8}") = "Level2", "Level2", "{00339272-4FAC-475F-8831-F37C4C3C45EA}"
EndProject
Project("{8BC9CEB8-8B4A-11D0-8D11-00A0C91BC942}") = "GameEngineCore", "GameEngineCore\GameEngineCore.vcxproj", "{0C116627-359C-47FD-8D38-F8A842E8800D}"
	ProjectSection(ProjectDependencies) = postProject
		{F095CAC6-093B-448D-BB52-96642EF30AA6} = {F095CAC6-093B-448D-BB52-96642EF30AA6}
	EndProjectSection
EndProject
Project("{8BC9CEB8-8B4A-11D0-8D11-00A0C91BC942}") = "GameEngineContents", "GameEngineContents\GameEngineContents.vcxproj", "{7EF2B2DF-A18B-41D2-BA6E-3C50D5257505}"
	ProjectSection(ProjectDependencies) = postProject
		{0C116627-359C-47FD-8D38-F8A842E8800D} = {0C116627-359C-47FD-8D38-F8A842E8800D}
		{F095CAC6-093B-448D-BB52-96642EF30AA6} = {F095CAC6-093B-448D-BB52-96642EF30AA6}
	EndProjectSection
EndProject
Global
	GlobalSection(SolutionConfigurationPlatforms) = preSolution
		Debug|x64 = Debug|x64
		Debug|x86 = Debug|x86
		Release|x64 = Release|x64
		Release|x86 = Release|x86
	EndGlobalSection
	GlobalSection(ProjectConfigurationPlatforms) = postSolution
		{F095CAC6-093B-448D-BB52-96642EF30AA6}.Debug|x64.ActiveCfg = Debug|x64
		{F095CAC6-093B-448D-BB52-96642EF30AA6}.Debug|x64.Build.0 = Debug|x64
		{F095CAC6-093B-448D-BB52-96642EF30AA6}.Debug|x86.ActiveCfg = Debug|Win32
		{F095CAC6-093B-448D-BB52-96642EF30AA6}.Debug|x86.Build.0 = Debug|Win32
		{F095CAC6-093B-448D-BB52-96642EF30AA6}.Release|x64.ActiveCfg = Release|x64
		{F095CAC6-093B-448D-BB52-96642EF30AA6}.Release|x64.Build.0 = Release|x64
		{F095CAC6-093B-448D-BB52-96642EF30AA6}.Release|x86.ActiveCfg = Release|Win32
		{F095CAC6-093B-448D-BB52-96642EF30AA6}.Release|x86.Build.0 = Release|Win32
		{72D69A0F-B4AB-424F-92FB-0A4E3AFD5B7C}.Debug|x64.ActiveCfg = Debug|x64
		{72D69A0F-B4AB-424F-92FB-0A4E3AFD5B7C}.Debug|x64.Build.0 = Debug|x64
		{72D69A0F-B4AB-424F-92FB-0A4E3AFD5B7C}.Debug|x86.ActiveCfg = Debug|Win32
		{72D69A0F-B4AB-424F-92FB-0A4E3AFD5B7C}.Debug|x86.Build.0 = Debug|Win32
		{72D69A0F-B4AB-424F-92FB-0A4E3AFD5B7C}.Release|x64.ActiveCfg = Release|x64
		{72D69A0F-B4AB-424F-92FB-0A4E3AFD5B7C}.Release|x64.Build.0 = Release|x64
		{72D69A0F-B4AB-424F-92FB-0A4E3AFD5B7C}.Release|x86.ActiveCfg = Release|Win32
		{72D69A0F-B4AB-424F-92FB-0A4E3AFD5B7C}.Release|x86.Build.0 = Release|Win32
		{0C116627-359C-47FD-8D38-F8A842E8800D}.Debug|x64.ActiveCfg = Debug|x64
		{0C116627-359C-47FD-8D38-F8A842E8800D}.Debug|x64.Build.0 = Debug|x64
		{0C116627-359C-47FD-8D38-F8A842E8800D}.Debug|x86.ActiveCfg = Debug|Win32
		{0C116627-359C-47FD-8D38-F8A842E8800D}.Debug|x86.Build.0 = Debug|Win32
		{0C116627-359C-47FD-8D38-F8A842E8800D}.Release|x64.ActiveCfg = Release|x64
		{0C116627-359C-47FD-8D38-F8A842E8800D}.Release|x64.Build.0 = Release|x64
		{0C116627-359C-47FD-8D38-F8A842E8800D}.Release|x86.ActiveCfg = Release|Win32
		{0C116627-359C-47FD-8D38-F8A842E8800D}.Release|x86.Build.0 = Release|Win32
		{7EF2B2DF-A18B-41D2-BA6E-3C50D5257505}.Debug|x64.ActiveCfg = Debug|x64
		{7EF2B2DF-A18B-41D2-BA6E-3C50D5257505}.Debug|x64.Build.0 = Debug|x64
		{7EF2B2DF-A18B-41D2-BA6E-3C50D5257505}.Debug|x86.ActiveCfg = Debug|Win32
		{7EF2B2DF-A18B-41D2-BA6E-3C50D5257505}.Debug|x86.Build.0 = Debug|Win32
		{7EF2B2DF-A18B-41D2-BA6E-3C50D5257505}.Release|x64.ActiveCfg = Release|x64
		{7EF2B2DF-A18B-41D2-BA6E-3C50D5257505}.Release|x64.Build.0 = Release|x64
		{7EF2B2DF-A18B-41D2-BA6E-3C50D5257505}.Release|x86.ActiveCfg = Release|Win32
		{7EF2B2DF-A18B-41D2-BA6E-3C50D5257505}.Release|x86.Build.0 = Release|Win32
	EndGlobalSection
	GlobalSection(SolutionProperties) = preSolution
		HideSolutionNode = FALSE
	EndGlobalSection
	GlobalSection(NestedProjects) = preSolution
		{F095CAC6-093B-448D-BB52-96642EF30AA6} = {2556408D-EBCC-40A6-8D42-716BA490C24C}
		{72D69A0F-B4AB-424F-92FB-0A4E3AFD5B7C} = {824EAAFD-AA16-426C-BDBD-97C6B1E1C1D4}
		{0C116627-359C-47FD-8D38-F8A842E8800D} = {2249E571-21F4-4AB4-810E-C51F9E9AD6B0}
		{7EF2B2DF-A18B-41D2-BA6E-3C50D5257505} = {00339272-4FAC-475F-8831-F37C4C3C45EA}
	EndGlobalSection
	GlobalSection(ExtensibilityGlobals) = postSolution
		SolutionGuid = {369E9B8B-3AAF-4FEA-ABBC-7828D912B621}
	EndGlobalSection
EndGlobal
