<?xml version="1.0" encoding="utf-8"?>
<Project ToolsVersion="4.0" xmlns="http://schemas.microsoft.com/developer/msbuild/2003">
  <ItemGroup>
    <Filter Include="Debug">
      <UniqueIdentifier>{61e3820a-d88c-4085-82d9-15c674fcec71}</UniqueIdentifier>
    </Filter>
    <Filter Include="IO">
      <UniqueIdentifier>{c5af6d85-39b8-45e9-9058-851912d5f00a}</UniqueIdentifier>
    </Filter>
    <Filter Include="Math">
      <UniqueIdentifier>{4ddf5a95-df99-4fc7-b284-fb41d4e5f76a}</UniqueIdentifier>
    </Filter>
    <Filter Include="Object">
      <UniqueIdentifier>{fcea71ca-cb68-48cc-a431-1e9dffcfc93f}</UniqueIdentifier>
    </Filter>
    <Filter Include="String">
      <UniqueIdentifier>{dd507b32-f8ca-4974-be6b-b627b0c6dc74}</UniqueIdentifier>
    </Filter>
    <Filter Include="ThirdParty">
      <UniqueIdentifier>{256c3ab9-967b-443f-acc6-ef614b270ff8}</UniqueIdentifier>
    </Filter>
    <Filter Include="WindowsOS">
      <UniqueIdentifier>{8536b924-1a21-463c-9d8e-020841c9eec9}</UniqueIdentifier>
    </Filter>
    <Filter Include="ThirdParty\Sound">
      <UniqueIdentifier>{2bee9077-3db8-452c-b97f-b92e57cb3c07}</UniqueIdentifier>
    </Filter>
    <Filter Include="ThirdParty\Lib">
      <UniqueIdentifier>{8a37b2d7-7261-4ee3-a599-e3372318a574}</UniqueIdentifier>
    </Filter>
  </ItemGroup>
  <ItemGroup>
    <ClCompile Include="GameEngineDebug.cpp">
      <Filter>Debug</Filter>
    </ClCompile>
    <ClCompile Include="GameEngineDirectory.cpp">
      <Filter>IO</Filter>
    </ClCompile>
    <ClCompile Include="GameEngineFile.cpp">
      <Filter>IO</Filter>
    </ClCompile>
    <ClCompile Include="GameEnginePath.cpp">
      <Filter>IO</Filter>
    </ClCompile>
    <ClCompile Include="GameEngineReadFile.cpp">
      <Filter>IO</Filter>
    </ClCompile>
    <ClCompile Include="GameEngineWriteFile.cpp">
      <Filter>IO</Filter>
    </ClCompile>
    <ClCompile Include="GameEngineMath.cpp">
      <Filter>Math</Filter>
    </ClCompile>
    <ClCompile Include="GameEngineRandom.cpp">
      <Filter>Math</Filter>
    </ClCompile>
    <ClCompile Include="GameEngineTime.cpp">
      <Filter>Math</Filter>
    </ClCompile>
    <ClCompile Include="GameEngineWindow.cpp">
      <Filter>WindowsOS</Filter>
    </ClCompile>
    <ClCompile Include="GameEngineInput.cpp">
      <Filter>WindowsOS</Filter>
    </ClCompile>
    <ClCompile Include="GameEngineSound.cpp">
      <Filter>ThirdParty\Sound</Filter>
    </ClCompile>
    <ClCompile Include="GameEngineNameObject.cpp">
      <Filter>Object</Filter>
    </ClCompile>
    <ClCompile Include="GameEngineUpdateObject.cpp">
      <Filter>Object</Filter>
    </ClCompile>
    <ClCompile Include="GameEngineString.cpp">
      <Filter>String</Filter>
    </ClCompile>
    <ClCompile Include="GameEngineTransform.cpp">
      <Filter>Math</Filter>
    </ClCompile>
  </ItemGroup>
  <ItemGroup>
    <ClInclude Include="GameEngineDebug.h">
      <Filter>Debug</Filter>
    </ClInclude>
    <ClInclude Include="GameEngineDirectory.h">
      <Filter>IO</Filter>
    </ClInclude>
    <ClInclude Include="GameEngineFile.h">
      <Filter>IO</Filter>
    </ClInclude>
    <ClInclude Include="GameEnginePath.h">
      <Filter>IO</Filter>
    </ClInclude>
    <ClInclude Include="GameEngineReadFile.h">
      <Filter>IO</Filter>
    </ClInclude>
    <ClInclude Include="GameEngineWriteFile.h">
      <Filter>IO</Filter>
    </ClInclude>
    <ClInclude Include="GameEngineMath.h">
      <Filter>Math</Filter>
    </ClInclude>
    <ClInclude Include="GameEngineRandom.h">
      <Filter>Math</Filter>
    </ClInclude>
    <ClInclude Include="GameEngineTime.h">
      <Filter>Math</Filter>
    </ClInclude>
    <ClInclude Include="GameEngineWindow.h">
      <Filter>WindowsOS</Filter>
    </ClInclude>
    <ClInclude Include="GameEngineInput.h">
      <Filter>WindowsOS</Filter>
    </ClInclude>
    <ClInclude Include="GameEngineSound.h">
      <Filter>ThirdParty\Sound</Filter>
    </ClInclude>
    <ClInclude Include="GameEngineNameObject.h">
      <Filter>Object</Filter>
    </ClInclude>
    <ClInclude Include="GameEngineUpdateObject.h">
      <Filter>Object</Filter>
    </ClInclude>
    <ClInclude Include="GameEngineString.h">
      <Filter>String</Filter>
    </ClInclude>
    <ClInclude Include="GameEngineTransform.h">
      <Filter>Math</Filter>
    </ClInclude>
  </ItemGroup>
  <ItemGroup>
    <CopyFileToFolders Include="ThirdParty\bin\fmod.dll">
      <Filter>ThirdParty\Lib</Filter>
    </CopyFileToFolders>
    <CopyFileToFolders Include="ThirdParty\bin\fmod_vc.lib">
      <Filter>ThirdParty\Lib</Filter>
    </CopyFileToFolders>
    <CopyFileToFolders Include="ThirdParty\bin\fmodL.dll">
      <Filter>ThirdParty\Lib</Filter>
    </CopyFileToFolders>
    <CopyFileToFolders Include="ThirdParty\bin\fmodL_vc.lib">
      <Filter>ThirdParty\Lib</Filter>
    </CopyFileToFolders>
  </ItemGroup>
</Project>