<?xml version="1.0" encoding="utf-8"?>
<Project ToolsVersion="4.0" xmlns="http://schemas.microsoft.com/developer/msbuild/2003">
  <ItemGroup>
    <Filter Include="Contents">
      <UniqueIdentifier>{434ada6d-9237-4a74-bca2-8a4ba38998f9}</UniqueIdentifier>
    </Filter>
    <Filter Include="Global">
      <UniqueIdentifier>{841dd79c-eefd-4349-a9b3-5e026d472ccf}</UniqueIdentifier>
    </Filter>
    <Filter Include="TestLevel">
      <UniqueIdentifier>{94c5b4f5-7bee-427e-b533-f509f1d13ee2}</UniqueIdentifier>
    </Filter>
    <Filter Include="TestLevel\TestLevelActor">
      <UniqueIdentifier>{dd1ad5fb-a1eb-4e74-880b-223da2dd6448}</UniqueIdentifier>
    </Filter>
    <Filter Include="PreCompile">
      <UniqueIdentifier>{094c440d-86fd-472b-99e8-3c4f72a18344}</UniqueIdentifier>
    </Filter>
  </ItemGroup>
  <ItemGroup>
    <ClInclude Include="TestContentsCore.h">
      <Filter>Contents</Filter>
    </ClInclude>
    <ClInclude Include="TestLevel.h">
      <Filter>TestLevel</Filter>
    </ClInclude>
    <ClInclude Include="Enums.h">
      <Filter>Global</Filter>
    </ClInclude>
    <ClInclude Include="Cube.h">
      <Filter>TestLevel\TestLevelActor</Filter>
    </ClInclude>
    <ClInclude Include="Obstacle.h">
      <Filter>TestLevel\TestLevelActor</Filter>
    </ClInclude>
    <ClInclude Include="GlobalValueManager.h">
      <Filter>Global</Filter>
    </ClInclude>
    <ClInclude Include="PreCompile.h">
      <Filter>PreCompile</Filter>
    </ClInclude>
  </ItemGroup>
  <ItemGroup>
    <ClCompile Include="TestContentsCore.cpp">
      <Filter>Contents</Filter>
    </ClCompile>
    <ClCompile Include="TestLevel.cpp">
      <Filter>TestLevel</Filter>
    </ClCompile>
    <ClCompile Include="Cube.cpp">
      <Filter>TestLevel\TestLevelActor</Filter>
    </ClCompile>
    <ClCompile Include="Obstacle.cpp">
      <Filter>TestLevel\TestLevelActor</Filter>
    </ClCompile>
    <ClCompile Include="GlobalValueManager.cpp">
      <Filter>Global</Filter>
    </ClCompile>
    <ClCompile Include="PreCompile.cpp">
      <Filter>PreCompile</Filter>
    </ClCompile>
  </ItemGroup>
</Project>