<?xml version="1.0" encoding="utf-8"?>
<Project ToolsVersion="4.0" xmlns="http://schemas.microsoft.com/developer/msbuild/2003">
  <ItemGroup>
    <Filter Include="Global">
      <UniqueIdentifier>{841dd79c-eefd-4349-a9b3-5e026d472ccf}</UniqueIdentifier>
    </Filter>
    <Filter Include="PreCompile">
      <UniqueIdentifier>{094c440d-86fd-472b-99e8-3c4f72a18344}</UniqueIdentifier>
    </Filter>
    <Filter Include="Levels">
      <UniqueIdentifier>{16df310c-9485-40a0-b980-2a3ccffc4534}</UniqueIdentifier>
    </Filter>
    <Filter Include="Levels\02.EndingLevel">
      <UniqueIdentifier>{18a56f11-af60-46df-a902-7d8622a00a26}</UniqueIdentifier>
    </Filter>
    <Filter Include="Levels\02.EndingLevel\Actor">
      <UniqueIdentifier>{ef078ca4-b0db-4a7c-8374-c43498ffd780}</UniqueIdentifier>
    </Filter>
    <Filter Include="Levels\01.PlayLevel">
      <UniqueIdentifier>{ab9e0f8a-79a1-4b5f-a3b2-d7609e75f8f4}</UniqueIdentifier>
    </Filter>
    <Filter Include="Levels\01.PlayLevel\Actor">
      <UniqueIdentifier>{39ba30d1-0ded-465c-91d7-fd13a2421a5f}</UniqueIdentifier>
    </Filter>
    <Filter Include="Levels\01.PlayLevel\Actor\Rooms">
      <UniqueIdentifier>{71e72076-911c-43a1-ba41-99dd639b7c6d}</UniqueIdentifier>
    </Filter>
    <Filter Include="Levels\01.PlayLevel\Actor\UI">
      <UniqueIdentifier>{ebf15720-a07a-4c7f-b537-d8b38fad3c84}</UniqueIdentifier>
    </Filter>
    <Filter Include="Levels\01.PlayLevel\Actor\CharacterActor">
      <UniqueIdentifier>{2f5e0251-55a6-44a1-b50c-4615791a8354}</UniqueIdentifier>
    </Filter>
    <Filter Include="Levels\01.PlayLevel\Actor\CharacterActor\Player">
      <UniqueIdentifier>{4ebac99f-215d-48b4-8de0-931fc3b458d0}</UniqueIdentifier>
    </Filter>
    <Filter Include="Levels\01.PlayLevel\GUI">
      <UniqueIdentifier>{2fab5824-796b-42fe-8123-d8552939fdb9}</UniqueIdentifier>
    </Filter>
    <Filter Include="Levels\00.TitleLevel">
      <UniqueIdentifier>{1be4c993-8195-40d8-9539-d3a2f050b3d1}</UniqueIdentifier>
    </Filter>
    <Filter Include="Levels\00.TitleLevel\Actor">
      <UniqueIdentifier>{cd620d5a-4fd5-426f-b37a-f7e28a3ffc84}</UniqueIdentifier>
    </Filter>
    <Filter Include="Levels\01.PlayLevel\Actor\UI\Effect">
      <UniqueIdentifier>{ae572b6f-77a0-4601-a357-5a8c2b322aba}</UniqueIdentifier>
    </Filter>
    <Filter Include="ContentsShader">
      <UniqueIdentifier>{eec8f8f7-7c21-4171-b661-782fc881d6fd}</UniqueIdentifier>
    </Filter>
    <Filter Include="Levels\99.TESTLEVEL">
      <UniqueIdentifier>{edd5620d-6864-4f8e-8a1d-68780daa0453}</UniqueIdentifier>
    </Filter>
    <Filter Include="Levels\01.PlayLevel\Actor\Enemy">
      <UniqueIdentifier>{5d9bd21d-4cd9-44ee-a132-5238976c547c}</UniqueIdentifier>
    </Filter>
    <Filter Include="Levels\01.PlayLevel\Actor\Enemy\Bullet">
      <UniqueIdentifier>{b441eb2b-4ba6-470a-938f-6b9575bae578}</UniqueIdentifier>
    </Filter>
    <Filter Include="Levels\01.PlayLevel\Actor\Enemy\EnemyActor">
      <UniqueIdentifier>{4134c514-bcc7-40cd-aeab-960eb8ae8b6c}</UniqueIdentifier>
    </Filter>
    <Filter Include="Levels\01.PlayLevel\Actor\Enemy\Boss">
      <UniqueIdentifier>{2858a637-3a1f-43d8-a691-11a3826a6cb9}</UniqueIdentifier>
    </Filter>
  </ItemGroup>
  <ItemGroup>
    <ClInclude Include="GlobalValueManager.h">
      <Filter>Global</Filter>
    </ClInclude>
    <ClInclude Include="ContentsCore.h" />
    <ClInclude Include="PlayerZero.h">
      <Filter>Levels\01.PlayLevel\Actor\CharacterActor\Player</Filter>
    </ClInclude>
    <ClInclude Include="PlayLevel.h">
      <Filter>Levels\01.PlayLevel</Filter>
    </ClInclude>
    <ClInclude Include="TitleLevel.h">
      <Filter>Levels\00.TitleLevel</Filter>
    </ClInclude>
    <ClInclude Include="InputHandler.h">
      <Filter>Global</Filter>
    </ClInclude>
    <ClInclude Include="TitlePlate.h">
      <Filter>Levels\00.TitleLevel\Actor</Filter>
    </ClInclude>
    <ClInclude Include="TitleFence.h">
      <Filter>Levels\00.TitleLevel\Actor</Filter>
    </ClInclude>
    <ClInclude Include="TitleGrass.h">
      <Filter>Levels\00.TitleLevel\Actor</Filter>
    </ClInclude>
    <ClInclude Include="TitlePlants.h">
      <Filter>Levels\00.TitleLevel\Actor</Filter>
    </ClInclude>
    <ClInclude Include="TitleGraphic.h">
      <Filter>Levels\00.TitleLevel\Actor</Filter>
    </ClInclude>
    <ClInclude Include="Timer.h">
      <Filter>Global</Filter>
    </ClInclude>
    <ClInclude Include="EndingLevel.h">
      <Filter>Levels\02.EndingLevel</Filter>
    </ClInclude>
    <ClInclude Include="Ending_Background.h">
      <Filter>Levels\02.EndingLevel\Actor</Filter>
    </ClInclude>
    <ClInclude Include="Ending_Logo.h">
      <Filter>Levels\02.EndingLevel\Actor</Filter>
    </ClInclude>
    <ClInclude Include="Room_Factory1.h">
      <Filter>Levels\01.PlayLevel\Actor\Rooms</Filter>
    </ClInclude>
    <ClInclude Include="Room_Factory2.h">
      <Filter>Levels\01.PlayLevel\Actor\Rooms</Filter>
    </ClInclude>
    <ClInclude Include="Room_Boss.h">
      <Filter>Levels\01.PlayLevel\Actor\Rooms</Filter>
    </ClInclude>
    <ClInclude Include="Room.h">
      <Filter>Levels\01.PlayLevel\Actor\Rooms</Filter>
    </ClInclude>
    <ClInclude Include="TitleButtons.h">
      <Filter>Levels\00.TitleLevel\Actor</Filter>
    </ClInclude>
    <ClInclude Include="TitleUI.h">
      <Filter>Levels\00.TitleLevel\Actor</Filter>
    </ClInclude>
    <ClInclude Include="Cursor.h">
      <Filter>Levels\01.PlayLevel\Actor\UI</Filter>
    </ClInclude>
    <ClInclude Include="EnemyGrunt.h">
      <Filter>Levels\01.PlayLevel\Actor\Enemy\EnemyActor</Filter>
    </ClInclude>
    <ClInclude Include="CharacterActor.h">
      <Filter>Levels\01.PlayLevel\Actor\CharacterActor</Filter>
    </ClInclude>
    <ClInclude Include="Door.h">
      <Filter>Levels\01.PlayLevel\Actor\Rooms</Filter>
    </ClInclude>
    <ClInclude Include="UIManager.h">
      <Filter>Levels\01.PlayLevel\Actor\UI</Filter>
    </ClInclude>
    <ClInclude Include="Transition.h">
      <Filter>Levels\01.PlayLevel\Actor\UI</Filter>
    </ClInclude>
    <ClInclude Include="EnemyCop.h">
      <Filter>Levels\01.PlayLevel\Actor\Enemy\EnemyActor</Filter>
    </ClInclude>
    <ClInclude Include="EnemyActor.h">
      <Filter>Levels\01.PlayLevel\Actor\Enemy</Filter>
    </ClInclude>
    <ClInclude Include="Fan.h">
      <Filter>Levels\01.PlayLevel\Actor\Rooms</Filter>
    </ClInclude>
    <ClInclude Include="Ending_Transition.h">
      <Filter>Levels\02.EndingLevel\Actor</Filter>
    </ClInclude>
    <ClInclude Include="PlayLevelGUI.h">
      <Filter>Levels\01.PlayLevel\GUI</Filter>
    </ClInclude>
    <ClInclude Include="PreCompile.h">
      <Filter>PreCompile</Filter>
    </ClInclude>
    <ClInclude Include="EnemyBullet.h">
      <Filter>Levels\01.PlayLevel\Actor\Enemy\Bullet</Filter>
    </ClInclude>
    <ClInclude Include="Bullet.h">
      <Filter>Levels\01.PlayLevel\Actor\Enemy\Bullet</Filter>
    </ClInclude>
    <ClInclude Include="Ray.h">
      <Filter>Levels\01.PlayLevel\Actor\Enemy\EnemyActor</Filter>
    </ClInclude>
    <ClInclude Include="SlowMotion.h">
      <Filter>Levels\01.PlayLevel\Actor\Rooms</Filter>
    </ClInclude>
    <ClInclude Include="TestLevel.h">
      <Filter>Levels\99.TESTLEVEL</Filter>
    </ClInclude>
    <ClInclude Include="TestActor.h">
      <Filter>Levels\99.TESTLEVEL</Filter>
    </ClInclude>
    <ClInclude Include="SlashFX.h">
      <Filter>Levels\01.PlayLevel\Actor\UI\Effect</Filter>
    </ClInclude>
    <ClInclude Include="GameContentsCustomRenderer.h">
      <Filter>Levels\99.TESTLEVEL</Filter>
    </ClInclude>
    <ClInclude Include="BossPsychoGiant.h">
      <Filter>Levels\01.PlayLevel\Actor\Enemy\Boss</Filter>
    </ClInclude>
    <ClInclude Include="TentacleKnife.h">
      <Filter>Levels\01.PlayLevel\Actor\Enemy\Boss</Filter>
    </ClInclude>
    <ClInclude Include="CharacterShadow.h">
      <Filter>Levels\01.PlayLevel\Actor\CharacterActor</Filter>
    </ClInclude>
    <ClInclude Include="PortalKnife.h">
      <Filter>Levels\01.PlayLevel\Actor\Enemy\Boss</Filter>
    </ClInclude>
    <ClInclude Include="Portal.h">
      <Filter>Levels\01.PlayLevel\Actor\Enemy\Boss</Filter>
    </ClInclude>
    <ClInclude Include="RoomCutscene.h">
      <Filter>Levels\01.PlayLevel\Actor\Rooms</Filter>
    </ClInclude>
  </ItemGroup>
  <ItemGroup>
    <ClCompile Include="GlobalValueManager.cpp">
      <Filter>Global</Filter>
    </ClCompile>
    <ClCompile Include="ContentsCore.cpp" />
    <ClCompile Include="PlayerZero.cpp">
      <Filter>Levels\01.PlayLevel\Actor\CharacterActor\Player</Filter>
    </ClCompile>
    <ClCompile Include="PlayLevel.cpp">
      <Filter>Levels\01.PlayLevel</Filter>
    </ClCompile>
    <ClCompile Include="TitleLevel.cpp">
      <Filter>Levels\00.TitleLevel</Filter>
    </ClCompile>
    <ClCompile Include="InputHandler.cpp">
      <Filter>Global</Filter>
    </ClCompile>
    <ClCompile Include="TitlePlate.cpp">
      <Filter>Levels\00.TitleLevel\Actor</Filter>
    </ClCompile>
    <ClCompile Include="TitleFence.cpp">
      <Filter>Levels\00.TitleLevel\Actor</Filter>
    </ClCompile>
    <ClCompile Include="TitleGrass.cpp">
      <Filter>Levels\00.TitleLevel\Actor</Filter>
    </ClCompile>
    <ClCompile Include="TitlePlants.cpp">
      <Filter>Levels\00.TitleLevel\Actor</Filter>
    </ClCompile>
    <ClCompile Include="TitleGraphic.cpp">
      <Filter>Levels\00.TitleLevel\Actor</Filter>
    </ClCompile>
    <ClCompile Include="PlayerZero_State.cpp">
      <Filter>Levels\01.PlayLevel\Actor\CharacterActor\Player</Filter>
    </ClCompile>
    <ClCompile Include="Timer.cpp">
      <Filter>Global</Filter>
    </ClCompile>
    <ClCompile Include="EndingLevel.cpp">
      <Filter>Levels\02.EndingLevel</Filter>
    </ClCompile>
    <ClCompile Include="Ending_Background.cpp">
      <Filter>Levels\02.EndingLevel\Actor</Filter>
    </ClCompile>
    <ClCompile Include="Ending_Logo.cpp">
      <Filter>Levels\02.EndingLevel\Actor</Filter>
    </ClCompile>
    <ClCompile Include="Room_Factory1.cpp">
      <Filter>Levels\01.PlayLevel\Actor\Rooms</Filter>
    </ClCompile>
    <ClCompile Include="Room_Factory2.cpp">
      <Filter>Levels\01.PlayLevel\Actor\Rooms</Filter>
    </ClCompile>
    <ClCompile Include="Room_Boss.cpp">
      <Filter>Levels\01.PlayLevel\Actor\Rooms</Filter>
    </ClCompile>
    <ClCompile Include="Room.cpp">
      <Filter>Levels\01.PlayLevel\Actor\Rooms</Filter>
    </ClCompile>
    <ClCompile Include="TitleButtons.cpp">
      <Filter>Levels\00.TitleLevel\Actor</Filter>
    </ClCompile>
    <ClCompile Include="TitleUI.cpp">
      <Filter>Levels\00.TitleLevel\Actor</Filter>
    </ClCompile>
    <ClCompile Include="Cursor.cpp">
      <Filter>Levels\01.PlayLevel\Actor\UI</Filter>
    </ClCompile>
    <ClCompile Include="EnemyGrunt.cpp">
      <Filter>Levels\01.PlayLevel\Actor\Enemy\EnemyActor</Filter>
    </ClCompile>
    <ClCompile Include="CharacterActor.cpp">
      <Filter>Levels\01.PlayLevel\Actor\CharacterActor</Filter>
    </ClCompile>
    <ClCompile Include="Door.cpp">
      <Filter>Levels\01.PlayLevel\Actor\Rooms</Filter>
    </ClCompile>
    <ClCompile Include="UIManager.cpp">
      <Filter>Levels\01.PlayLevel\Actor\UI</Filter>
    </ClCompile>
    <ClCompile Include="Transition.cpp">
      <Filter>Levels\01.PlayLevel\Actor\UI</Filter>
    </ClCompile>
    <ClCompile Include="EnemyCop.cpp">
      <Filter>Levels\01.PlayLevel\Actor\Enemy\EnemyActor</Filter>
    </ClCompile>
    <ClCompile Include="EnemyActor.cpp">
      <Filter>Levels\01.PlayLevel\Actor\Enemy</Filter>
    </ClCompile>
    <ClCompile Include="Fan.cpp">
      <Filter>Levels\01.PlayLevel\Actor\Rooms</Filter>
    </ClCompile>
    <ClCompile Include="Ending_Transition.cpp">
      <Filter>Levels\02.EndingLevel\Actor</Filter>
    </ClCompile>
    <ClCompile Include="PlayLevelGUI.cpp">
      <Filter>Levels\01.PlayLevel\GUI</Filter>
    </ClCompile>
    <ClCompile Include="PreCompile.cpp">
      <Filter>PreCompile</Filter>
    </ClCompile>
    <ClCompile Include="EnemyBullet.cpp">
      <Filter>Levels\01.PlayLevel\Actor\Enemy\Bullet</Filter>
    </ClCompile>
    <ClCompile Include="Bullet.cpp">
      <Filter>Levels\01.PlayLevel\Actor\Enemy\Bullet</Filter>
    </ClCompile>
    <ClCompile Include="Ray.cpp">
      <Filter>Levels\01.PlayLevel\Actor\Enemy\EnemyActor</Filter>
    </ClCompile>
    <ClCompile Include="SlowMotion.cpp">
      <Filter>Levels\01.PlayLevel\Actor\Rooms</Filter>
    </ClCompile>
    <ClCompile Include="TestLevel.cpp">
      <Filter>Levels\99.TESTLEVEL</Filter>
    </ClCompile>
    <ClCompile Include="TestActor.cpp">
      <Filter>Levels\99.TESTLEVEL</Filter>
    </ClCompile>
    <ClCompile Include="SlashFX.cpp">
      <Filter>Levels\01.PlayLevel\Actor\UI\Effect</Filter>
    </ClCompile>
    <ClCompile Include="GameContentsCustomRenderer.cpp">
      <Filter>Levels\99.TESTLEVEL</Filter>
    </ClCompile>
    <ClCompile Include="BossPsychoGiant.cpp">
      <Filter>Levels\01.PlayLevel\Actor\Enemy\Boss</Filter>
    </ClCompile>
    <ClCompile Include="TentacleKnife.cpp">
      <Filter>Levels\01.PlayLevel\Actor\Enemy\Boss</Filter>
    </ClCompile>
    <ClCompile Include="CharacterShadow.cpp">
      <Filter>Levels\01.PlayLevel\Actor\CharacterActor</Filter>
    </ClCompile>
    <ClCompile Include="PortalKnife.cpp">
      <Filter>Levels\01.PlayLevel\Actor\Enemy\Boss</Filter>
    </ClCompile>
    <ClCompile Include="Portal.cpp">
      <Filter>Levels\01.PlayLevel\Actor\Enemy\Boss</Filter>
    </ClCompile>
    <ClCompile Include="RoomCutscene.cpp">
      <Filter>Levels\01.PlayLevel\Actor\Rooms</Filter>
    </ClCompile>
  </ItemGroup>
</Project>